{
  "version": 1,
  "dependencies": {
    ".NETnanoFramework,Version=v1.0": {
      "nanoFramework.CoreLibrary": {
        "type": "Direct",
        "requested": "[2.0.0-preview.29, 2.0.0-preview.29]",
        "resolved": "2.0.0-preview.29",
        "contentHash": "7NDp9Sda9FTFBDN//X34r23rJBHUkCvyGvrFh9s5B8H2nMoet4J0OlEOiZRUsEPBXlsNpZFVp+Cd6OSjnLSg5A=="
      },
      "nanoFramework.Runtime.Events": {
        "type": "Direct",
        "requested": "[2.0.0-preview.1, 2.0.0-preview.1]",
        "resolved": "2.0.0-preview.1",
        "contentHash": "MrhfHe/2pDKkXe79+L/tX4rg+lV6Z+HkcJBbjUQx2oHOwYgh74kEli8I7KnOv00rwaIPuj2BeYeW6jh6kxOZXg=="
      },
      "nanoFramework.System.Device.Gpio": {
        "type": "Direct",
        "requested": "[2.0.0-preview.1, 2.0.0-preview.1]",
        "resolved": "2.0.0-preview.1",
        "contentHash": "ow13cXk4reer/m2lT9jQkv91o2ptsI7CxuG3IU+vP84K3yt6rBRQEHaQrFTSkMWy0yIUn1BVlUDgWgQPNkcl5w=="
      },
      "nanoFramework.TestFramework": {
        "type": "Direct",
        "requested": "[4.0.0-preview.45, 4.0.0-preview.45]",
        "resolved": "4.0.0-preview.45",
        "contentHash": "QnRl5gAJW4uoH4k4oQMT+gVnI57lGnST8F/PuK31M+j0AekWFvcSHKDirWrY9rs/JJTLPwgllaKiQGioTfBwPg=="
      }
    }
  }
}